
Microsoft Visual Studio Solution File, Format Version 12.00
# Visual Studio 2012
Project("{FAE04EC0-301F-11D3-BF4B-00C04F79EFBC}") = "Notification.Communicator", "Notification.Communicator\Notification.Communicator.csproj", "{BA6B9E47-3F37-465D-BADD-54AE0BCF1ADB}"
EndProject
Project("{FAE04EC0-301F-11D3-BF4B-00C04F79EFBC}") = "Notification.Mail", "Notification.Mail\Notification.Mail.csproj", "{8EB8F2D3-E4F8-4DC9-81FE-74BD8E3A644B}"
EndProject
Project("{FAE04EC0-301F-11D3-BF4B-00C04F79EFBC}") = "Notification.Text", "Notification.Text\Notification.Text.csproj", "{9D89C092-AB54-4B79-A6FB-BAD9A95574D5}"
EndProject
Project("{FAE04EC0-301F-11D3-BF4B-00C04F79EFBC}") = "Notification.Common", "Notification.Common\Notification.Common.csproj", "{E35BA70E-66DE-4378-A7E2-FBD92C227ED0}"
EndProject
Global
	GlobalSection(SolutionConfigurationPlatforms) = preSolution
		Debug|Any CPU = Debug|Any CPU
		Release|Any CPU = Release|Any CPU
	EndGlobalSection
	GlobalSection(ProjectConfigurationPlatforms) = postSolution
		{BA6B9E47-3F37-465D-BADD-54AE0BCF1ADB}.Debug|Any CPU.ActiveCfg = Debug|Any CPU
		{BA6B9E47-3F37-465D-BADD-54AE0BCF1ADB}.Debug|Any CPU.Build.0 = Debug|Any CPU
		{BA6B9E47-3F37-465D-BADD-54AE0BCF1ADB}.Release|Any CPU.ActiveCfg = Release|Any CPU
		{BA6B9E47-3F37-465D-BADD-54AE0BCF1ADB}.Release|Any CPU.Build.0 = Release|Any CPU
		{8EB8F2D3-E4F8-4DC9-81FE-74BD8E3A644B}.Debug|Any CPU.ActiveCfg = Debug|Any CPU
		{8EB8F2D3-E4F8-4DC9-81FE-74BD8E3A644B}.Debug|Any CPU.Build.0 = Debug|Any CPU
		{8EB8F2D3-E4F8-4DC9-81FE-74BD8E3A644B}.Release|Any CPU.ActiveCfg = Release|Any CPU
		{8EB8F2D3-E4F8-4DC9-81FE-74BD8E3A644B}.Release|Any CPU.Build.0 = Release|Any CPU
		{9D89C092-AB54-4B79-A6FB-BAD9A95574D5}.Debug|Any CPU.ActiveCfg = Debug|Any CPU
		{9D89C092-AB54-4B79-A6FB-BAD9A95574D5}.Debug|Any CPU.Build.0 = Debug|Any CPU
		{9D89C092-AB54-4B79-A6FB-BAD9A95574D5}.Release|Any CPU.ActiveCfg = Release|Any CPU
		{9D89C092-AB54-4B79-A6FB-BAD9A95574D5}.Release|Any CPU.Build.0 = Release|Any CPU
		{E35BA70E-66DE-4378-A7E2-FBD92C227ED0}.Debug|Any CPU.ActiveCfg = Debug|Any CPU
		{E35BA70E-66DE-4378-A7E2-FBD92C227ED0}.Debug|Any CPU.Build.0 = Debug|Any CPU
		{E35BA70E-66DE-4378-A7E2-FBD92C227ED0}.Release|Any CPU.ActiveCfg = Release|Any CPU
		{E35BA70E-66DE-4378-A7E2-FBD92C227ED0}.Release|Any CPU.Build.0 = Release|Any CPU
	EndGlobalSection
	GlobalSection(SolutionProperties) = preSolution
		HideSolutionNode = FALSE
	EndGlobalSection
EndGlobal
